
Microsoft Visual Studio Solution File, Format Version 12.00
# Visual Studio Version 17
VisualStudioVersion = 17.4.33205.214
MinimumVisualStudioVersion = 10.0.40219.1
Project("{9A19103F-16F7-4668-BE54-9A1E7A4F7556}") = "WebshopBackend", "WebshopBackend\WebshopBackend.csproj", "{C96C7309-A1FB-4FB8-8D41-65A97E2350D0}"
EndProject
Project("{9A19103F-16F7-4668-BE54-9A1E7A4F7556}") = "DAL", "DAL\DAL.csproj", "{9749124C-4773-4CA2-A08F-FBDEB39709F8}"
EndProject
Project("{FAE04EC0-301F-11D3-BF4B-00C04F79EFBC}") = "ShopProduct", "ShopProduct\ShopProduct.csproj", "{5237A81B-D6FC-4239-A784-E02A0A57910D}"
EndProject
Global
	GlobalSection(SolutionConfigurationPlatforms) = preSolution
		Debug|Any CPU = Debug|Any CPU
		Release|Any CPU = Release|Any CPU
	EndGlobalSection
	GlobalSection(ProjectConfigurationPlatforms) = postSolution
		{C96C7309-A1FB-4FB8-8D41-65A97E2350D0}.Debug|Any CPU.ActiveCfg = Debug|Any CPU
		{C96C7309-A1FB-4FB8-8D41-65A97E2350D0}.Debug|Any CPU.Build.0 = Debug|Any CPU
		{C96C7309-A1FB-4FB8-8D41-65A97E2350D0}.Release|Any CPU.ActiveCfg = Release|Any CPU
		{C96C7309-A1FB-4FB8-8D41-65A97E2350D0}.Release|Any CPU.Build.0 = Release|Any CPU
		{9749124C-4773-4CA2-A08F-FBDEB39709F8}.Debug|Any CPU.ActiveCfg = Debug|Any CPU
		{9749124C-4773-4CA2-A08F-FBDEB39709F8}.Debug|Any CPU.Build.0 = Debug|Any CPU
		{9749124C-4773-4CA2-A08F-FBDEB39709F8}.Release|Any CPU.ActiveCfg = Release|Any CPU
		{9749124C-4773-4CA2-A08F-FBDEB39709F8}.Release|Any CPU.Build.0 = Release|Any CPU
		{5237A81B-D6FC-4239-A784-E02A0A57910D}.Debug|Any CPU.ActiveCfg = Debug|Any CPU
		{5237A81B-D6FC-4239-A784-E02A0A57910D}.Debug|Any CPU.Build.0 = Debug|Any CPU
		{5237A81B-D6FC-4239-A784-E02A0A57910D}.Release|Any CPU.ActiveCfg = Release|Any CPU
		{5237A81B-D6FC-4239-A784-E02A0A57910D}.Release|Any CPU.Build.0 = Release|Any CPU
	EndGlobalSection
	GlobalSection(SolutionProperties) = preSolution
		HideSolutionNode = FALSE
	EndGlobalSection
	GlobalSection(ExtensibilityGlobals) = postSolution
		SolutionGuid = {4912BAB4-3E1A-42ED-A795-1D0B4242812B}
	EndGlobalSection
EndGlobal
